
Microsoft Visual Studio Solution File, Format Version 12.00
Project("{FAE04EC0-301F-11D3-BF4B-00C04F79EFBC}") = "baikt", "baikt\baikt.csproj", "{DF854C89-6EC7-48DA-8731-95385C279865}"
EndProject
Global
	GlobalSection(SolutionConfigurationPlatforms) = preSolution
		Debug|Any CPU = Debug|Any CPU
		Release|Any CPU = Release|Any CPU
	EndGlobalSection
	GlobalSection(ProjectConfigurationPlatforms) = postSolution
		{DF854C89-6EC7-48DA-8731-95385C279865}.Debug|Any CPU.ActiveCfg = Debug|Any CPU
		{DF854C89-6EC7-48DA-8731-95385C279865}.Debug|Any CPU.Build.0 = Debug|Any CPU
		{DF854C89-6EC7-48DA-8731-95385C279865}.Release|Any CPU.ActiveCfg = Release|Any CPU
		{DF854C89-6EC7-48DA-8731-95385C279865}.Release|Any CPU.Build.0 = Release|Any CPU
	EndGlobalSection
EndGlobal
